
Microsoft Visual Studio Solution File, Format Version 12.00
# Visual Studio Version 16
VisualStudioVersion = 16.0.31105.61
MinimumVisualStudioVersion = 10.0.40219.1
Project("{FAE04EC0-301F-11D3-BF4B-00C04F79EFBC}") = "Mars Rover", "Mars Rover.csproj", "{69BB5D4B-5B59-426F-9BA5-F348C97B43C3}"
EndProject
Global
	GlobalSection(SolutionConfigurationPlatforms) = preSolution
		Debug|Any CPU = Debug|Any CPU
		Release|Any CPU = Release|Any CPU
	EndGlobalSection
	GlobalSection(ProjectConfigurationPlatforms) = postSolution
		{69BB5D4B-5B59-426F-9BA5-F348C97B43C3}.Debug|Any CPU.ActiveCfg = Debug|Any CPU
		{69BB5D4B-5B59-426F-9BA5-F348C97B43C3}.Debug|Any CPU.Build.0 = Debug|Any CPU
		{69BB5D4B-5B59-426F-9BA5-F348C97B43C3}.Release|Any CPU.ActiveCfg = Release|Any CPU
		{69BB5D4B-5B59-426F-9BA5-F348C97B43C3}.Release|Any CPU.Build.0 = Release|Any CPU
	EndGlobalSection
	GlobalSection(SolutionProperties) = preSolution
		HideSolutionNode = FALSE
	EndGlobalSection
	GlobalSection(ExtensibilityGlobals) = postSolution
		SolutionGuid = {88BF9B0A-53F3-4F2A-8090-B2A9389E3E6D}
	EndGlobalSection
EndGlobal
